
Microsoft Visual Studio Solution File, Format Version 12.00
Project("{FAE04EC0-301F-11D3-BF4B-00C04F79EFBC}") = "Schedule", "Schedule\Schedule.csproj", "{1A95540E-81E5-45C2-A0F1-AE0D95C821B3}"
EndProject
Project("{FAE04EC0-301F-11D3-BF4B-00C04F79EFBC}") = "Schedule.Core", "Schedule.Core\Schedule.Core.csproj", "{67193181-B445-40A9-8654-885AD13935E0}"
EndProject
Project("{FAE04EC0-301F-11D3-BF4B-00C04F79EFBC}") = "Schedule.Infrastructure", "Schedule.Infrastructure\Schedule.Infrastructure.csproj", "{6E3AE760-782C-49D9-81B4-D8DE93718AC8}"
EndProject
Project("{FAE04EC0-301F-11D3-BF4B-00C04F79EFBC}") = "Schedule.Tests", "Schedule.Tests\Schedule.Tests.csproj", "{FED562ED-EE0E-4920-9023-98F90B7C83F6}"
EndProject
Global
	GlobalSection(SolutionConfigurationPlatforms) = preSolution
		Debug|Any CPU = Debug|Any CPU
		Release|Any CPU = Release|Any CPU
	EndGlobalSection
	GlobalSection(ProjectConfigurationPlatforms) = postSolution
		{1A95540E-81E5-45C2-A0F1-AE0D95C821B3}.Debug|Any CPU.ActiveCfg = Debug|Any CPU
		{1A95540E-81E5-45C2-A0F1-AE0D95C821B3}.Debug|Any CPU.Build.0 = Debug|Any CPU
		{1A95540E-81E5-45C2-A0F1-AE0D95C821B3}.Release|Any CPU.ActiveCfg = Release|Any CPU
		{1A95540E-81E5-45C2-A0F1-AE0D95C821B3}.Release|Any CPU.Build.0 = Release|Any CPU
		{1A95540E-81E5-45C2-A0F1-AE0D95C821B3}.Release|Any CPU.Deploy.0 = Release|Any CPU
		{67193181-B445-40A9-8654-885AD13935E0}.Debug|Any CPU.ActiveCfg = Debug|Any CPU
		{67193181-B445-40A9-8654-885AD13935E0}.Debug|Any CPU.Build.0 = Debug|Any CPU
		{67193181-B445-40A9-8654-885AD13935E0}.Release|Any CPU.ActiveCfg = Release|Any CPU
		{67193181-B445-40A9-8654-885AD13935E0}.Release|Any CPU.Build.0 = Release|Any CPU
		{67193181-B445-40A9-8654-885AD13935E0}.Release|Any CPU.Deploy.0 = Release|Any CPU
		{6E3AE760-782C-49D9-81B4-D8DE93718AC8}.Debug|Any CPU.ActiveCfg = Debug|Any CPU
		{6E3AE760-782C-49D9-81B4-D8DE93718AC8}.Debug|Any CPU.Build.0 = Debug|Any CPU
		{6E3AE760-782C-49D9-81B4-D8DE93718AC8}.Release|Any CPU.ActiveCfg = Release|Any CPU
		{6E3AE760-782C-49D9-81B4-D8DE93718AC8}.Release|Any CPU.Build.0 = Release|Any CPU
		{6E3AE760-782C-49D9-81B4-D8DE93718AC8}.Release|Any CPU.Deploy.0 = Release|Any CPU
		{FED562ED-EE0E-4920-9023-98F90B7C83F6}.Debug|Any CPU.ActiveCfg = Debug|Any CPU
		{FED562ED-EE0E-4920-9023-98F90B7C83F6}.Debug|Any CPU.Build.0 = Debug|Any CPU
		{FED562ED-EE0E-4920-9023-98F90B7C83F6}.Release|Any CPU.ActiveCfg = Release|Any CPU
		{FED562ED-EE0E-4920-9023-98F90B7C83F6}.Release|Any CPU.Build.0 = Release|Any CPU
		{FED562ED-EE0E-4920-9023-98F90B7C83F6}.Release|Any CPU.Deploy.0 = Release|Any CPU
	EndGlobalSection
EndGlobal
